
Microsoft Visual Studio Solution File, Format Version 12.00
# Visual Studio Version 17
VisualStudioVersion = 17.7.34018.315
MinimumVisualStudioVersion = 10.0.40219.1
Project("{FAE04EC0-301F-11D3-BF4B-00C04F79EFBC}") = "Uppgift 1.1", "Uppgift 1.1\Uppgift 1.1.csproj", "{0910492F-672F-456D-8060-41D6864BFCF8}"
EndProject
Global
	GlobalSection(SolutionConfigurationPlatforms) = preSolution
		Debug|Any CPU = Debug|Any CPU
		Release|Any CPU = Release|Any CPU
	EndGlobalSection
	GlobalSection(ProjectConfigurationPlatforms) = postSolution
		{0910492F-672F-456D-8060-41D6864BFCF8}.Debug|Any CPU.ActiveCfg = Debug|Any CPU
		{0910492F-672F-456D-8060-41D6864BFCF8}.Debug|Any CPU.Build.0 = Debug|Any CPU
		{0910492F-672F-456D-8060-41D6864BFCF8}.Release|Any CPU.ActiveCfg = Release|Any CPU
		{0910492F-672F-456D-8060-41D6864BFCF8}.Release|Any CPU.Build.0 = Release|Any CPU
	EndGlobalSection
	GlobalSection(SolutionProperties) = preSolution
		HideSolutionNode = FALSE
	EndGlobalSection
	GlobalSection(ExtensibilityGlobals) = postSolution
		SolutionGuid = {1F6B26AA-056F-400D-8814-D31CC1120DEE}
	EndGlobalSection
EndGlobal
